
Microsoft Visual Studio Solution File, Format Version 12.00
# Visual Studio Version 17
VisualStudioVersion = 17.3.32825.248
MinimumVisualStudioVersion = 10.0.40219.1
Project("{FAE04EC0-301F-11D3-BF4B-00C04F79EFBC}") = "Lektion1", "Lektion1\Lektion1.csproj", "{DFA4C8E5-B553-4296-98DE-5C663FC93289}"
EndProject
Global
	GlobalSection(SolutionConfigurationPlatforms) = preSolution
		Debug|Any CPU = Debug|Any CPU
		Release|Any CPU = Release|Any CPU
	EndGlobalSection
	GlobalSection(ProjectConfigurationPlatforms) = postSolution
		{DFA4C8E5-B553-4296-98DE-5C663FC93289}.Debug|Any CPU.ActiveCfg = Debug|Any CPU
		{DFA4C8E5-B553-4296-98DE-5C663FC93289}.Debug|Any CPU.Build.0 = Debug|Any CPU
		{DFA4C8E5-B553-4296-98DE-5C663FC93289}.Release|Any CPU.ActiveCfg = Release|Any CPU
		{DFA4C8E5-B553-4296-98DE-5C663FC93289}.Release|Any CPU.Build.0 = Release|Any CPU
	EndGlobalSection
	GlobalSection(SolutionProperties) = preSolution
		HideSolutionNode = FALSE
	EndGlobalSection
	GlobalSection(ExtensibilityGlobals) = postSolution
		SolutionGuid = {1A423F5A-0818-45BA-8BF9-EDD65AFDF6DD}
	EndGlobalSection
EndGlobal
